<?xml version="1.0" encoding="UTF-8" standalone="yes" ?>
<CodeBlocks_project_file>
	<FileVersion major="1" minor="6" />
	<Project>
		<Option title="Modelo de examen 1" />
		<Option pch_mode="2" />
		<Option compiler="gcc" />
		<Build>
			<Target title="Debug">
				<Option output="bin/Debug/Modelo de examen 1" prefix_auto="1" extension_auto="1" />
				<Option object_output="obj/Debug/" />
				<Option type="1" />
				<Option compiler="gcc" />
				<Compiler>
					<Add option="-g" />
				</Compiler>
			</Target>
			<Target title="Release">
				<Option output="bin/Release/Modelo de examen 1" prefix_auto="1" extension_auto="1" />
				<Option object_output="obj/Release/" />
				<Option type="1" />
				<Option compiler="gcc" />
				<Compiler>
					<Add option="-O2" />
				</Compiler>
				<Linker>
					<Add option="-s" />
				</Linker>
			</Target>
		</Build>
		<Compiler>
			<Add option="-Wall" />
		</Compiler>
		<Unit filename="ac_dataStorage.h" />
		<Unit filename="ac_getFunciones.c">
			<Option compilerVar="CC" />
		</Unit>
		<Unit filename="ac_getFunciones.h" />
		<Unit filename="fecha.h" />
		<Unit filename="funciones_adicionales.c">
			<Option compilerVar="CC" />
		</Unit>
		<Unit filename="funciones_adicionales.h" />
		<Unit filename="main.c">
			<Option compilerVar="CC" />
		</Unit>
		<Unit filename="menus.c">
			<Option compilerVar="CC" />
		</Unit>
		<Unit filename="menus.h" />
		<Unit filename="moto.c">
			<Option compilerVar="CC" />
		</Unit>
		<Unit filename="moto.h" />
		<Unit filename="trabajo.c">
			<Option compilerVar="CC" />
		</Unit>
		<Unit filename="trabajo.h" />
		<Extensions>
			<code_completion />
			<envvars />
			<debugger />
		</Extensions>
	</Project>
</CodeBlocks_project_file>
